
Microsoft Visual Studio Solution File, Format Version 12.00
# Visual Studio Version 17
VisualStudioVersion = 17.0.32014.148
MinimumVisualStudioVersion = 10.0.40219.1
Project("{2150E333-8FDC-42A3-9474-1A3956D46DE8}") = "Source", "Source", "{592AA479-AD7F-476B-AEF8-2B0268EA3BD8}"
EndProject
Project("{2150E333-8FDC-42A3-9474-1A3956D46DE8}") = "Solution Items", "Solution Items", "{6EA82B8C-E3AE-4CEF-8666-DD67FEBDE192}"
	ProjectSection(SolutionItems) = preProject
		LICENSE.txt = LICENSE.txt
		README.md = README.md
	EndProjectSection
EndProject
Project("{2150E333-8FDC-42A3-9474-1A3956D46DE8}") = "BuildTools", "BuildTools", "{217A0F6B-BDE7-4D6A-BF3D-8B273FB2AA69}"
	ProjectSection(SolutionItems) = preProject
		appveyor.yml = appveyor.yml
	EndProjectSection
EndProject
Project("{2150E333-8FDC-42A3-9474-1A3956D46DE8}") = "Images", "Images", "{97EC2EDF-8B92-4DB1-B2D7-09E4124B9DE0}"
	ProjectSection(SolutionItems) = preProject
		Images\CP_Rx.ico = Images\CP_Rx.ico
		Images\CP_RxPropertyIcon_100x100.png = Images\CP_RxPropertyIcon_100x100.png
	EndProjectSection
EndProject
Project("{9A19103F-16F7-4668-BE54-9A1E7A4F7556}") = "RxProperty", "Source\RxProperty\RxProperty.csproj", "{0F616E5E-75D3-42CC-8F20-AED94069DF94}"
EndProject
Global
	GlobalSection(SolutionConfigurationPlatforms) = preSolution
		Debug|Any CPU = Debug|Any CPU
		Debug|ARM = Debug|ARM
		Debug|Mixed Platforms = Debug|Mixed Platforms
		Debug|x64 = Debug|x64
		Debug|x86 = Debug|x86
		Documentation|Any CPU = Documentation|Any CPU
		Documentation|ARM = Documentation|ARM
		Documentation|Mixed Platforms = Documentation|Mixed Platforms
		Documentation|x64 = Documentation|x64
		Documentation|x86 = Documentation|x86
		Release|Any CPU = Release|Any CPU
		Release|ARM = Release|ARM
		Release|Mixed Platforms = Release|Mixed Platforms
		Release|x64 = Release|x64
		Release|x86 = Release|x86
	EndGlobalSection
	GlobalSection(ProjectConfigurationPlatforms) = postSolution
		{0F616E5E-75D3-42CC-8F20-AED94069DF94}.Debug|Any CPU.ActiveCfg = Debug|Any CPU
		{0F616E5E-75D3-42CC-8F20-AED94069DF94}.Debug|Any CPU.Build.0 = Debug|Any CPU
		{0F616E5E-75D3-42CC-8F20-AED94069DF94}.Debug|ARM.ActiveCfg = Debug|Any CPU
		{0F616E5E-75D3-42CC-8F20-AED94069DF94}.Debug|ARM.Build.0 = Debug|Any CPU
		{0F616E5E-75D3-42CC-8F20-AED94069DF94}.Debug|Mixed Platforms.ActiveCfg = Debug|Any CPU
		{0F616E5E-75D3-42CC-8F20-AED94069DF94}.Debug|Mixed Platforms.Build.0 = Debug|Any CPU
		{0F616E5E-75D3-42CC-8F20-AED94069DF94}.Debug|x64.ActiveCfg = Debug|Any CPU
		{0F616E5E-75D3-42CC-8F20-AED94069DF94}.Debug|x64.Build.0 = Debug|Any CPU
		{0F616E5E-75D3-42CC-8F20-AED94069DF94}.Debug|x86.ActiveCfg = Debug|Any CPU
		{0F616E5E-75D3-42CC-8F20-AED94069DF94}.Debug|x86.Build.0 = Debug|Any CPU
		{0F616E5E-75D3-42CC-8F20-AED94069DF94}.Documentation|Any CPU.ActiveCfg = Debug|Any CPU
		{0F616E5E-75D3-42CC-8F20-AED94069DF94}.Documentation|Any CPU.Build.0 = Debug|Any CPU
		{0F616E5E-75D3-42CC-8F20-AED94069DF94}.Documentation|ARM.ActiveCfg = Debug|Any CPU
		{0F616E5E-75D3-42CC-8F20-AED94069DF94}.Documentation|ARM.Build.0 = Debug|Any CPU
		{0F616E5E-75D3-42CC-8F20-AED94069DF94}.Documentation|Mixed Platforms.ActiveCfg = Debug|Any CPU
		{0F616E5E-75D3-42CC-8F20-AED94069DF94}.Documentation|Mixed Platforms.Build.0 = Debug|Any CPU
		{0F616E5E-75D3-42CC-8F20-AED94069DF94}.Documentation|x64.ActiveCfg = Debug|Any CPU
		{0F616E5E-75D3-42CC-8F20-AED94069DF94}.Documentation|x64.Build.0 = Debug|Any CPU
		{0F616E5E-75D3-42CC-8F20-AED94069DF94}.Documentation|x86.ActiveCfg = Debug|Any CPU
		{0F616E5E-75D3-42CC-8F20-AED94069DF94}.Documentation|x86.Build.0 = Debug|Any CPU
		{0F616E5E-75D3-42CC-8F20-AED94069DF94}.Release|Any CPU.ActiveCfg = Release|Any CPU
		{0F616E5E-75D3-42CC-8F20-AED94069DF94}.Release|Any CPU.Build.0 = Release|Any CPU
		{0F616E5E-75D3-42CC-8F20-AED94069DF94}.Release|ARM.ActiveCfg = Release|Any CPU
		{0F616E5E-75D3-42CC-8F20-AED94069DF94}.Release|ARM.Build.0 = Release|Any CPU
		{0F616E5E-75D3-42CC-8F20-AED94069DF94}.Release|Mixed Platforms.ActiveCfg = Release|Any CPU
		{0F616E5E-75D3-42CC-8F20-AED94069DF94}.Release|Mixed Platforms.Build.0 = Release|Any CPU
		{0F616E5E-75D3-42CC-8F20-AED94069DF94}.Release|x64.ActiveCfg = Release|Any CPU
		{0F616E5E-75D3-42CC-8F20-AED94069DF94}.Release|x64.Build.0 = Release|Any CPU
		{0F616E5E-75D3-42CC-8F20-AED94069DF94}.Release|x86.ActiveCfg = Release|Any CPU
		{0F616E5E-75D3-42CC-8F20-AED94069DF94}.Release|x86.Build.0 = Release|Any CPU
	EndGlobalSection
	GlobalSection(SolutionProperties) = preSolution
		HideSolutionNode = FALSE
	EndGlobalSection
	GlobalSection(NestedProjects) = preSolution
		{0F616E5E-75D3-42CC-8F20-AED94069DF94} = {592AA479-AD7F-476B-AEF8-2B0268EA3BD8}
	EndGlobalSection
	GlobalSection(ExtensibilityGlobals) = postSolution
		SolutionGuid = {A4C38E0D-3AE9-4353-BF94-EC379A093CBA}
		BuildVersion_AssemblyInfoFilename = Source\NET40\Properties\CommonAssemblyInfo.cs
		BuildVersion_UseGlobalSettings = True
	EndGlobalSection
	GlobalSection(TestCaseManagementSettings) = postSolution
		CategoryFile = ReactiveProperty.vsmdi
	EndGlobalSection
EndGlobal
